PODS:
  - CalendarView (1.1.0):
    - SwiftMoment (~> 0.1)
  - SwiftMoment (0.3)

DEPENDENCIES:
  - CalendarView (from `..`)

EXTERNAL SOURCES:
  CalendarView:
    :path: ..

SPEC CHECKSUMS:
  CalendarView: adad8997eae3474f2cfd8f300a0a16914f4fd4b3
  SwiftMoment: 79f924ccf5450a5406b00eaebe5bfb248cc5e33d

COCOAPODS: 0.39.0
