// !$*UTF8*$!
{
	archiveVersion = 1;
	classes = {
	};
	objectVersion = 46;
	objects = {

/* Begin PBXBuildFile section */
		43B05B311AFC0D7F003336B9 /* AppDelegate.swift in Sources */ = {isa = PBXBuildFile; fileRef = 43B05B301AFC0D7F003336B9 /* AppDelegate.swift */; };
		43B05B331AFC0D7F003336B9 /* ViewController.swift in Sources */ = {isa = PBXBuildFile; fileRef = 43B05B321AFC0D7F003336B9 /* ViewController.swift */; };
		43B05B361AFC0D7F003336B9 /* Main.storyboard in Resources */ = {isa = PBXBuildFile; fileRef = 43B05B341AFC0D7F003336B9 /* Main.storyboard */; };
		43B05B381AFC0D7F003336B9 /* Images.xcassets in Resources */ = {isa = PBXBuildFile; fileRef = 43B05B371AFC0D7F003336B9 /* Images.xcassets */; };
		43B05B3B1AFC0D7F003336B9 /* LaunchScreen.xib in Resources */ = {isa = PBXBuildFile; fileRef = 43B05B391AFC0D7F003336B9 /* LaunchScreen.xib */; };
		43B05B471AFC0D7F003336B9 /* CalendarViewDemoTests.swift in Sources */ = {isa = PBXBuildFile; fileRef = 43B05B461AFC0D7F003336B9 /* CalendarViewDemoTests.swift */; };
		F661F69948B6343B9DF45DB7 /* Pods.framework in Frameworks */ = {isa = PBXBuildFile; fileRef = 55920C4940297FB97836E5CB /* Pods.framework */; };
/* End PBXBuildFile section */

/* Begin PBXContainerItemProxy section */
		43B05B411AFC0D7F003336B9 /* PBXContainerItemProxy */ = {
			isa = PBXContainerItemProxy;
			containerPortal = 43B05B231AFC0D7F003336B9 /* Project object */;
			proxyType = 1;
			remoteGlobalIDString = 43B05B2A1AFC0D7F003336B9;
			remoteInfo = CalendarViewDemo;
		};
/* End PBXContainerItemProxy section */

/* Begin PBXFileReference section */
		22A536601B430850958A55C1 /* Pods.debug.xcconfig */ = {isa = PBXFileReference; includeInIndex = 1; lastKnownFileType = text.xcconfig; name = Pods.debug.xcconfig; path = "Pods/Target Support Files/Pods/Pods.debug.xcconfig"; sourceTree = "<group>"; };
		43B05B2B1AFC0D7F003336B9 /* CalendarViewDemo.app */ = {isa = PBXFileReference; explicitFileType = wrapper.application; includeInIndex = 0; path = CalendarViewDemo.app; sourceTree = BUILT_PRODUCTS_DIR; };
		43B05B2F1AFC0D7F003336B9 /* Info.plist */ = {isa = PBXFileReference; lastKnownFileType = text.plist.xml; path = Info.plist; sourceTree = "<group>"; };
		43B05B301AFC0D7F003336B9 /* AppDelegate.swift */ = {isa = PBXFileReference; lastKnownFileType = sourcecode.swift; path = AppDelegate.swift; sourceTree = "<group>"; };
		43B05B321AFC0D7F003336B9 /* ViewController.swift */ = {isa = PBXFileReference; lastKnownFileType = sourcecode.swift; path = ViewController.swift; sourceTree = "<group>"; };
		43B05B351AFC0D7F003336B9 /* Base */ = {isa = PBXFileReference; lastKnownFileType = file.storyboard; name = Base; path = Base.lproj/Main.storyboard; sourceTree = "<group>"; };
		43B05B371AFC0D7F003336B9 /* Images.xcassets */ = {isa = PBXFileReference; lastKnownFileType = folder.assetcatalog; path = Images.xcassets; sourceTree = "<group>"; };
		43B05B3A1AFC0D7F003336B9 /* Base */ = {isa = PBXFileReference; lastKnownFileType = file.xib; name = Base; path = Base.lproj/LaunchScreen.xib; sourceTree = "<group>"; };
		43B05B401AFC0D7F003336B9 /* CalendarViewDemoTests.xctest */ = {isa = PBXFileReference; explicitFileType = wrapper.cfbundle; includeInIndex = 0; path = CalendarViewDemoTests.xctest; sourceTree = BUILT_PRODUCTS_DIR; };
		43B05B451AFC0D7F003336B9 /* Info.plist */ = {isa = PBXFileReference; lastKnownFileType = text.plist.xml; path = Info.plist; sourceTree = "<group>"; };
		43B05B461AFC0D7F003336B9 /* CalendarViewDemoTests.swift */ = {isa = PBXFileReference; lastKnownFileType = sourcecode.swift; path = CalendarViewDemoTests.swift; sourceTree = "<group>"; };
		55920C4940297FB97836E5CB /* Pods.framework */ = {isa = PBXFileReference; explicitFileType = wrapper.framework; includeInIndex = 0; path = Pods.framework; sourceTree = BUILT_PRODUCTS_DIR; };
		F0353340B8D2C9D82D7A2AB4 /* Pods.release.xcconfig */ = {isa = PBXFileReference; includeInIndex = 1; lastKnownFileType = text.xcconfig; name = Pods.release.xcconfig; path = "Pods/Target Support Files/Pods/Pods.release.xcconfig"; sourceTree = "<group>"; };
/* End PBXFileReference section */

/* Begin PBXFrameworksBuildPhase section */
		43B05B281AFC0D7F003336B9 /* Frameworks */ = {
			isa = PBXFrameworksBuildPhase;
			buildActionMask = 2147483647;
			files = (
				F661F69948B6343B9DF45DB7 /* Pods.framework in Frameworks */,
			);
			runOnlyForDeploymentPostprocessing = 0;
		};
		43B05B3D1AFC0D7F003336B9 /* Frameworks */ = {
			isa = PBXFrameworksBuildPhase;
			buildActionMask = 2147483647;
			files = (
			);
			runOnlyForDeploymentPostprocessing = 0;
		};
/* End PBXFrameworksBuildPhase section */

/* Begin PBXGroup section */
		06B86A272910DA2AD22F927E /* Frameworks */ = {
			isa = PBXGroup;
			children = (
				55920C4940297FB97836E5CB /* Pods.framework */,
			);
			name = Frameworks;
			sourceTree = "<group>";
		};
		43B05B221AFC0D7F003336B9 = {
			isa = PBXGroup;
			children = (
				43B05B2D1AFC0D7F003336B9 /* CalendarViewDemo */,
				43B05B431AFC0D7F003336B9 /* CalendarViewDemoTests */,
				43B05B2C1AFC0D7F003336B9 /* Products */,
				94932A7B6E5D3635BA3C91F8 /* Pods */,
				06B86A272910DA2AD22F927E /* Frameworks */,
			);
			sourceTree = "<group>";
		};
		43B05B2C1AFC0D7F003336B9 /* Products */ = {
			isa = PBXGroup;
			children = (
				43B05B2B1AFC0D7F003336B9 /* CalendarViewDemo.app */,
				43B05B401AFC0D7F003336B9 /* CalendarViewDemoTests.xctest */,
			);
			name = Products;
			sourceTree = "<group>";
		};
		43B05B2D1AFC0D7F003336B9 /* CalendarViewDemo */ = {
			isa = PBXGroup;
			children = (
				43B05B301AFC0D7F003336B9 /* AppDelegate.swift */,
				43B05B321AFC0D7F003336B9 /* ViewController.swift */,
				43B05B341AFC0D7F003336B9 /* Main.storyboard */,
				43B05B371AFC0D7F003336B9 /* Images.xcassets */,
				43B05B391AFC0D7F003336B9 /* LaunchScreen.xib */,
				43B05B2E1AFC0D7F003336B9 /* Supporting Files */,
			);
			path = CalendarViewDemo;
			sourceTree = "<group>";
		};
		43B05B2E1AFC0D7F003336B9 /* Supporting Files */ = {
			isa = PBXGroup;
			children = (
				43B05B2F1AFC0D7F003336B9 /* Info.plist */,
			);
			name = "Supporting Files";
			sourceTree = "<group>";
		};
		43B05B431AFC0D7F003336B9 /* CalendarViewDemoTests */ = {
			isa = PBXGroup;
			children = (
				43B05B461AFC0D7F003336B9 /* CalendarViewDemoTests.swift */,
				43B05B441AFC0D7F003336B9 /* Supporting Files */,
			);
			path = CalendarViewDemoTests;
			sourceTree = "<group>";
		};
		43B05B441AFC0D7F003336B9 /* Supporting Files */ = {
			isa = PBXGroup;
			children = (
				43B05B451AFC0D7F003336B9 /* Info.plist */,
			);
			name = "Supporting Files";
			sourceTree = "<group>";
		};
		94932A7B6E5D3635BA3C91F8 /* Pods */ = {
			isa = PBXGroup;
			children = (
				22A536601B430850958A55C1 /* Pods.debug.xcconfig */,
				F0353340B8D2C9D82D7A2AB4 /* Pods.release.xcconfig */,
			);
			name = Pods;
			sourceTree = "<group>";
		};
/* End PBXGroup section */

/* Begin PBXNativeTarget section */
		43B05B2A1AFC0D7F003336B9 /* CalendarViewDemo */ = {
			isa = PBXNativeTarget;
			buildConfigurationList = 43B05B4A1AFC0D7F003336B9 /* Build configuration list for PBXNativeTarget "CalendarViewDemo" */;
			buildPhases = (
				597F99CB34AC8426271A22C3 /* Check Pods Manifest.lock */,
				43B05B271AFC0D7F003336B9 /* Sources */,
				43B05B281AFC0D7F003336B9 /* Frameworks */,
				43B05B291AFC0D7F003336B9 /* Resources */,
				359A94CB0A078BE1CAC23929 /* Embed Pods Frameworks */,
				B9C3155383BC19243D49D6DE /* Copy Pods Resources */,
			);
			buildRules = (
			);
			dependencies = (
			);
			name = CalendarViewDemo;
			productName = CalendarViewDemo;
			productReference = 43B05B2B1AFC0D7F003336B9 /* CalendarViewDemo.app */;
			productType = "com.apple.product-type.application";
		};
		43B05B3F1AFC0D7F003336B9 /* CalendarViewDemoTests */ = {
			isa = PBXNativeTarget;
			buildConfigurationList = 43B05B4D1AFC0D7F003336B9 /* Build configuration list for PBXNativeTarget "CalendarViewDemoTests" */;
			buildPhases = (
				43B05B3C1AFC0D7F003336B9 /* Sources */,
				43B05B3D1AFC0D7F003336B9 /* Frameworks */,
				43B05B3E1AFC0D7F003336B9 /* Resources */,
			);
			buildRules = (
			);
			dependencies = (
				43B05B421AFC0D7F003336B9 /* PBXTargetDependency */,
			);
			name = CalendarViewDemoTests;
			productName = CalendarViewDemoTests;
			productReference = 43B05B401AFC0D7F003336B9 /* CalendarViewDemoTests.xctest */;
			productType = "com.apple.product-type.bundle.unit-test";
		};
/* End PBXNativeTarget section */

/* Begin PBXProject section */
		43B05B231AFC0D7F003336B9 /* Project object */ = {
			isa = PBXProject;
			attributes = {
				LastSwiftUpdateCheck = 0700;
				LastUpgradeCheck = 0630;
				ORGANIZATIONNAME = "Nate Armstrong";
				TargetAttributes = {
					43B05B2A1AFC0D7F003336B9 = {
						CreatedOnToolsVersion = 6.3.1;
					};
					43B05B3F1AFC0D7F003336B9 = {
						CreatedOnToolsVersion = 6.3.1;
						TestTargetID = 43B05B2A1AFC0D7F003336B9;
					};
				};
			};
			buildConfigurationList = 43B05B261AFC0D7F003336B9 /* Build configuration list for PBXProject "CalendarViewDemo" */;
			compatibilityVersion = "Xcode 3.2";
			developmentRegion = English;
			hasScannedForEncodings = 0;
			knownRegions = (
				en,
				Base,
			);
			mainGroup = 43B05B221AFC0D7F003336B9;
			productRefGroup = 43B05B2C1AFC0D7F003336B9 /* Products */;
			projectDirPath = "";
			projectRoot = "";
			targets = (
				43B05B2A1AFC0D7F003336B9 /* CalendarViewDemo */,
				43B05B3F1AFC0D7F003336B9 /* CalendarViewDemoTests */,
			);
		};
/* End PBXProject section */

/* Begin PBXResourcesBuildPhase section */
		43B05B291AFC0D7F003336B9 /* Resources */ = {
			isa = PBXResourcesBuildPhase;
			buildActionMask = 2147483647;
			files = (
				43B05B361AFC0D7F003336B9 /* Main.storyboard in Resources */,
				43B05B3B1AFC0D7F003336B9 /* LaunchScreen.xib in Resources */,
				43B05B381AFC0D7F003336B9 /* Images.xcassets in Resources */,
			);
			runOnlyForDeploymentPostprocessing = 0;
		};
		43B05B3E1AFC0D7F003336B9 /* Resources */ = {
			isa = PBXResourcesBuildPhase;
			buildActionMask = 2147483647;
			files = (
			);
			runOnlyForDeploymentPostprocessing = 0;
		};
/* End PBXResourcesBuildPhase section */

/* Begin PBXShellScriptBuildPhase section */
		359A94CB0A078BE1CAC23929 /* Embed Pods Frameworks */ = {
			isa = PBXShellScriptBuildPhase;
			buildActionMask = 2147483647;
			files = (
			);
			inputPaths = (
			);
			name = "Embed Pods Frameworks";
			outputPaths = (
			);
			runOnlyForDeploymentPostprocessing = 0;
			shellPath = /bin/sh;
			shellScript = "\"${SRCROOT}/Pods/Target Support Files/Pods/Pods-frameworks.sh\"\n";
			showEnvVarsInLog = 0;
		};
		597F99CB34AC8426271A22C3 /* Check Pods Manifest.lock */ = {
			isa = PBXShellScriptBuildPhase;
			buildActionMask = 2147483647;
			files = (
			);
			inputPaths = (
			);
			name = "Check Pods Manifest.lock";
			outputPaths = (
			);
			runOnlyForDeploymentPostprocessing = 0;
			shellPath = /bin/sh;
			shellScript = "diff \"${PODS_ROOT}/../Podfile.lock\" \"${PODS_ROOT}/Manifest.lock\" > /dev/null\nif [[ $? != 0 ]] ; then\n    cat << EOM\nerror: The sandbox is not in sync with the Podfile.lock. Run 'pod install' or update your CocoaPods installation.\nEOM\n    exit 1\nfi\n";
			showEnvVarsInLog = 0;
		};
		B9C3155383BC19243D49D6DE /* Copy Pods Resources */ = {
			isa = PBXShellScriptBuildPhase;
			buildActionMask = 2147483647;
			files = (
			);
			inputPaths = (
			);
			name = "Copy Pods Resources";
			outputPaths = (
			);
			runOnlyForDeploymentPostprocessing = 0;
			shellPath = /bin/sh;
			shellScript = "\"${SRCROOT}/Pods/Target Support Files/Pods/Pods-resources.sh\"\n";
			showEnvVarsInLog = 0;
		};
/* End PBXShellScriptBuildPhase section */

/* Begin PBXSourcesBuildPhase section */
		43B05B271AFC0D7F003336B9 /* Sources */ = {
			isa = PBXSourcesBuildPhase;
			buildActionMask = 2147483647;
			files = (
				43B05B331AFC0D7F003336B9 /* ViewController.swift in Sources */,
				43B05B311AFC0D7F003336B9 /* AppDelegate.swift in Sources */,
			);
			runOnlyForDeploymentPostprocessing = 0;
		};
		43B05B3C1AFC0D7F003336B9 /* Sources */ = {
			isa = PBXSourcesBuildPhase;
			buildActionMask = 2147483647;
			files = (
				43B05B471AFC0D7F003336B9 /* CalendarViewDemoTests.swift in Sources */,
			);
			runOnlyForDeploymentPostprocessing = 0;
		};
/* End PBXSourcesBuildPhase section */

/* Begin PBXTargetDependency section */
		43B05B421AFC0D7F003336B9 /* PBXTargetDependency */ = {
			isa = PBXTargetDependency;
			target = 43B05B2A1AFC0D7F003336B9 /* CalendarViewDemo */;
			targetProxy = 43B05B411AFC0D7F003336B9 /* PBXContainerItemProxy */;
		};
/* End PBXTargetDependency section */

/* Begin PBXVariantGroup section */
		43B05B341AFC0D7F003336B9 /* Main.storyboard */ = {
			isa = PBXVariantGroup;
			children = (
				43B05B351AFC0D7F003336B9 /* Base */,
			);
			name = Main.storyboard;
			sourceTree = "<group>";
		};
		43B05B391AFC0D7F003336B9 /* LaunchScreen.xib */ = {
			isa = PBXVariantGroup;
			children = (
				43B05B3A1AFC0D7F003336B9 /* Base */,
			);
			name = LaunchScreen.xib;
			sourceTree = "<group>";
		};
/* End PBXVariantGroup section */

/* Begin XCBuildConfiguration section */
		43B05B481AFC0D7F003336B9 /* Debug */ = {
			isa = XCBuildConfiguration;
			buildSettings = {
				ALWAYS_SEARCH_USER_PATHS = NO;
				CLANG_CXX_LANGUAGE_STANDARD = "gnu++0x";
				CLANG_CXX_LIBRARY = "libc++";
				CLANG_ENABLE_MODULES = YES;
				CLANG_ENABLE_OBJC_ARC = YES;
				CLANG_WARN_BOOL_CONVERSION = YES;
				CLANG_WARN_CONSTANT_CONVERSION = YES;
				CLANG_WARN_DIRECT_OBJC_ISA_USAGE = YES_ERROR;
				CLANG_WARN_EMPTY_BODY = YES;
				CLANG_WARN_ENUM_CONVERSION = YES;
				CLANG_WARN_INT_CONVERSION = YES;
				CLANG_WARN_OBJC_ROOT_CLASS = YES_ERROR;
				CLANG_WARN_UNREACHABLE_CODE = YES;
				CLANG_WARN__DUPLICATE_METHOD_MATCH = YES;
				"CODE_SIGN_IDENTITY[sdk=iphoneos*]" = "iPhone Developer";
				COPY_PHASE_STRIP = NO;
				DEBUG_INFORMATION_FORMAT = "dwarf-with-dsym";
				ENABLE_STRICT_OBJC_MSGSEND = YES;
				GCC_C_LANGUAGE_STANDARD = gnu99;
				GCC_DYNAMIC_NO_PIC = NO;
				GCC_NO_COMMON_BLOCKS = YES;
				GCC_OPTIMIZATION_LEVEL = 0;
				GCC_PREPROCESSOR_DEFINITIONS = (
					"DEBUG=1",
					"$(inherited)",
				);
				GCC_SYMBOLS_PRIVATE_EXTERN = NO;
				GCC_WARN_64_TO_32_BIT_CONVERSION = YES;
				GCC_WARN_ABOUT_RETURN_TYPE = YES_ERROR;
				GCC_WARN_UNDECLARED_SELECTOR = YES;
				GCC_WARN_UNINITIALIZED_AUTOS = YES_AGGRESSIVE;
				GCC_WARN_UNUSED_FUNCTION = YES;
				GCC_WARN_UNUSED_VARIABLE = YES;
				IPHONEOS_DEPLOYMENT_TARGET = 8.3;
				MTL_ENABLE_DEBUG_INFO = YES;
				ONLY_ACTIVE_ARCH = YES;
				SDKROOT = iphoneos;
				SWIFT_OPTIMIZATION_LEVEL = "-Onone";
				TARGETED_DEVICE_FAMILY = "1,2";
			};
			name = Debug;
		};
		43B05B491AFC0D7F003336B9 /* Release */ = {
			isa = XCBuildConfiguration;
			buildSettings = {
				ALWAYS_SEARCH_USER_PATHS = NO;
				CLANG_CXX_LANGUAGE_STANDARD = "gnu++0x";
				CLANG_CXX_LIBRARY = "libc++";
				CLANG_ENABLE_MODULES = YES;
				CLANG_ENABLE_OBJC_ARC = YES;
				CLANG_WARN_BOOL_CONVERSION = YES;
				CLANG_WARN_CONSTANT_CONVERSION = YES;
				CLANG_WARN_DIRECT_OBJC_ISA_USAGE = YES_ERROR;
				CLANG_WARN_EMPTY_BODY = YES;
				CLANG_WARN_ENUM_CONVERSION = YES;
				CLANG_WARN_INT_CONVERSION = YES;
				CLANG_WARN_OBJC_ROOT_CLASS = YES_ERROR;
				CLANG_WARN_UNREACHABLE_CODE = YES;
				CLANG_WARN__DUPLICATE_METHOD_MATCH = YES;
				"CODE_SIGN_IDENTITY[sdk=iphoneos*]" = "iPhone Developer";
				COPY_PHASE_STRIP = NO;
				DEBUG_INFORMATION_FORMAT = "dwarf-with-dsym";
				ENABLE_NS_ASSERTIONS = NO;
				ENABLE_STRICT_OBJC_MSGSEND = YES;
				GCC_C_LANGUAGE_STANDARD = gnu99;
				GCC_NO_COMMON_BLOCKS = YES;
				GCC_WARN_64_TO_32_BIT_CONVERSION = YES;
				GCC_WARN_ABOUT_RETURN_TYPE = YES_ERROR;
				GCC_WARN_UNDECLARED_SELECTOR = YES;
				GCC_WARN_UNINITIALIZED_AUTOS = YES_AGGRESSIVE;
				GCC_WARN_UNUSED_FUNCTION = YES;
				GCC_WARN_UNUSED_VARIABLE = YES;
				IPHONEOS_DEPLOYMENT_TARGET = 8.3;
				MTL_ENABLE_DEBUG_INFO = NO;
				SDKROOT = iphoneos;
				TARGETED_DEVICE_FAMILY = "1,2";
				VALIDATE_PRODUCT = YES;
			};
			name = Release;
		};
		43B05B4B1AFC0D7F003336B9 /* Debug */ = {
			isa = XCBuildConfiguration;
			baseConfigurationReference = 22A536601B430850958A55C1 /* Pods.debug.xcconfig */;
			buildSettings = {
				ASSETCATALOG_COMPILER_APPICON_NAME = AppIcon;
				INFOPLIST_FILE = CalendarViewDemo/Info.plist;
				LD_RUNPATH_SEARCH_PATHS = "$(inherited) @executable_path/Frameworks";
				PRODUCT_NAME = "$(TARGET_NAME)";
			};
			name = Debug;
		};
		43B05B4C1AFC0D7F003336B9 /* Release */ = {
			isa = XCBuildConfiguration;
			baseConfigurationReference = F0353340B8D2C9D82D7A2AB4 /* Pods.release.xcconfig */;
			buildSettings = {
				ASSETCATALOG_COMPILER_APPICON_NAME = AppIcon;
				INFOPLIST_FILE = CalendarViewDemo/Info.plist;
				LD_RUNPATH_SEARCH_PATHS = "$(inherited) @executable_path/Frameworks";
				PRODUCT_NAME = "$(TARGET_NAME)";
			};
			name = Release;
		};
		43B05B4E1AFC0D7F003336B9 /* Debug */ = {
			isa = XCBuildConfiguration;
			buildSettings = {
				BUNDLE_LOADER = "$(TEST_HOST)";
				FRAMEWORK_SEARCH_PATHS = (
					"$(SDKROOT)/Developer/Library/Frameworks",
					"$(inherited)",
				);
				GCC_PREPROCESSOR_DEFINITIONS = (
					"DEBUG=1",
					"$(inherited)",
				);
				INFOPLIST_FILE = CalendarViewDemoTests/Info.plist;
				LD_RUNPATH_SEARCH_PATHS = "$(inherited) @executable_path/Frameworks @loader_path/Frameworks";
				PRODUCT_NAME = "$(TARGET_NAME)";
				TEST_HOST = "$(BUILT_PRODUCTS_DIR)/CalendarViewDemo.app/CalendarViewDemo";
			};
			name = Debug;
		};
		43B05B4F1AFC0D7F003336B9 /* Release */ = {
			isa = XCBuildConfiguration;
			buildSettings = {
				BUNDLE_LOADER = "$(TEST_HOST)";
				FRAMEWORK_SEARCH_PATHS = (
					"$(SDKROOT)/Developer/Library/Frameworks",
					"$(inherited)",
				);
				INFOPLIST_FILE = CalendarViewDemoTests/Info.plist;
				LD_RUNPATH_SEARCH_PATHS = "$(inherited) @executable_path/Frameworks @loader_path/Frameworks";
				PRODUCT_NAME = "$(TARGET_NAME)";
				TEST_HOST = "$(BUILT_PRODUCTS_DIR)/CalendarViewDemo.app/CalendarViewDemo";
			};
			name = Release;
		};
/* End XCBuildConfiguration section */

/* Begin XCConfigurationList section */
		43B05B261AFC0D7F003336B9 /* Build configuration list for PBXProject "CalendarViewDemo" */ = {
			isa = XCConfigurationList;
			buildConfigurations = (
				43B05B481AFC0D7F003336B9 /* Debug */,
				43B05B491AFC0D7F003336B9 /* Release */,
			);
			defaultConfigurationIsVisible = 0;
			defaultConfigurationName = Release;
		};
		43B05B4A1AFC0D7F003336B9 /* Build configuration list for PBXNativeTarget "CalendarViewDemo" */ = {
			isa = XCConfigurationList;
			buildConfigurations = (
				43B05B4B1AFC0D7F003336B9 /* Debug */,
				43B05B4C1AFC0D7F003336B9 /* Release */,
			);
			defaultConfigurationIsVisible = 0;
			defaultConfigurationName = Release;
		};
		43B05B4D1AFC0D7F003336B9 /* Build configuration list for PBXNativeTarget "CalendarViewDemoTests" */ = {
			isa = XCConfigurationList;
			buildConfigurations = (
				43B05B4E1AFC0D7F003336B9 /* Debug */,
				43B05B4F1AFC0D7F003336B9 /* Release */,
			);
			defaultConfigurationIsVisible = 0;
			defaultConfigurationName = Release;
		};
/* End XCConfigurationList section */
	};
	rootObject = 43B05B231AFC0D7F003336B9 /* Project object */;
}
