// !$*UTF8*$!
{
	archiveVersion = 1;
	classes = {
	};
	objectVersion = 46;
	objects = {

/* Begin PBXBuildFile section */
		1D91F8C61BCC1F4C0040FF1B /* CalendarView.h in Headers */ = {isa = PBXBuildFile; fileRef = 1D91F8C51BCC1F4C0040FF1B /* CalendarView.h */; settings = {ATTRIBUTES = (Public, ); }; };
		1D91F8CD1BCC1F4C0040FF1B /* CalendarView.framework in Frameworks */ = {isa = PBXBuildFile; fileRef = 1D91F8C21BCC1F4C0040FF1B /* CalendarView.framework */; settings = {ASSET_TAGS = (); }; };
		1D91F8D21BCC1F4C0040FF1B /* CalendarViewTests.swift in Sources */ = {isa = PBXBuildFile; fileRef = 1D91F8D11BCC1F4C0040FF1B /* CalendarViewTests.swift */; };
		1D91F8E51BCC1F5F0040FF1B /* CalendarView.swift in Sources */ = {isa = PBXBuildFile; fileRef = 1D91F8DE1BCC1F5F0040FF1B /* CalendarView.swift */; settings = {ASSET_TAGS = (); }; };
		1D91F8E61BCC1F5F0040FF1B /* ContentView.swift in Sources */ = {isa = PBXBuildFile; fileRef = 1D91F8DF1BCC1F5F0040FF1B /* ContentView.swift */; settings = {ASSET_TAGS = (); }; };
		1D91F8E71BCC1F5F0040FF1B /* DayView.swift in Sources */ = {isa = PBXBuildFile; fileRef = 1D91F8E01BCC1F5F0040FF1B /* DayView.swift */; settings = {ASSET_TAGS = (); }; };
		1D91F8E81BCC1F5F0040FF1B /* EasyCast.swift in Sources */ = {isa = PBXBuildFile; fileRef = 1D91F8E11BCC1F5F0040FF1B /* EasyCast.swift */; settings = {ASSET_TAGS = (); }; };
		1D91F8E91BCC1F5F0040FF1B /* MonthView.swift in Sources */ = {isa = PBXBuildFile; fileRef = 1D91F8E21BCC1F5F0040FF1B /* MonthView.swift */; settings = {ASSET_TAGS = (); }; };
		1D91F8EA1BCC1F5F0040FF1B /* WeekView.swift in Sources */ = {isa = PBXBuildFile; fileRef = 1D91F8E31BCC1F5F0040FF1B /* WeekView.swift */; settings = {ASSET_TAGS = (); }; };
		1D91F8EC1BCC200C0040FF1B /* SwiftMoment.framework in Frameworks */ = {isa = PBXBuildFile; fileRef = 1D91F8EB1BCC200C0040FF1B /* SwiftMoment.framework */; settings = {ASSET_TAGS = (); }; };
/* End PBXBuildFile section */

/* Begin PBXContainerItemProxy section */
		1D91F8CE1BCC1F4C0040FF1B /* PBXContainerItemProxy */ = {
			isa = PBXContainerItemProxy;
			containerPortal = 1D91F8B91BCC1F4C0040FF1B /* Project object */;
			proxyType = 1;
			remoteGlobalIDString = 1D91F8C11BCC1F4C0040FF1B;
			remoteInfo = CalendarView;
		};
/* End PBXContainerItemProxy section */

/* Begin PBXFileReference section */
		1D91F8C21BCC1F4C0040FF1B /* CalendarView.framework */ = {isa = PBXFileReference; explicitFileType = wrapper.framework; includeInIndex = 0; path = CalendarView.framework; sourceTree = BUILT_PRODUCTS_DIR; };
		1D91F8C51BCC1F4C0040FF1B /* CalendarView.h */ = {isa = PBXFileReference; lastKnownFileType = sourcecode.c.h; path = CalendarView.h; sourceTree = "<group>"; };
		1D91F8C71BCC1F4C0040FF1B /* Info.plist */ = {isa = PBXFileReference; lastKnownFileType = text.plist.xml; path = Info.plist; sourceTree = "<group>"; };
		1D91F8CC1BCC1F4C0040FF1B /* CalendarViewTests.xctest */ = {isa = PBXFileReference; explicitFileType = wrapper.cfbundle; includeInIndex = 0; path = CalendarViewTests.xctest; sourceTree = BUILT_PRODUCTS_DIR; };
		1D91F8D11BCC1F4C0040FF1B /* CalendarViewTests.swift */ = {isa = PBXFileReference; lastKnownFileType = sourcecode.swift; path = CalendarViewTests.swift; sourceTree = "<group>"; };
		1D91F8D31BCC1F4C0040FF1B /* Info.plist */ = {isa = PBXFileReference; lastKnownFileType = text.plist.xml; path = Info.plist; sourceTree = "<group>"; };
		1D91F8DE1BCC1F5F0040FF1B /* CalendarView.swift */ = {isa = PBXFileReference; fileEncoding = 4; lastKnownFileType = sourcecode.swift; path = CalendarView.swift; sourceTree = "<group>"; };
		1D91F8DF1BCC1F5F0040FF1B /* ContentView.swift */ = {isa = PBXFileReference; fileEncoding = 4; lastKnownFileType = sourcecode.swift; path = ContentView.swift; sourceTree = "<group>"; };
		1D91F8E01BCC1F5F0040FF1B /* DayView.swift */ = {isa = PBXFileReference; fileEncoding = 4; lastKnownFileType = sourcecode.swift; path = DayView.swift; sourceTree = "<group>"; };
		1D91F8E11BCC1F5F0040FF1B /* EasyCast.swift */ = {isa = PBXFileReference; fileEncoding = 4; lastKnownFileType = sourcecode.swift; path = EasyCast.swift; sourceTree = "<group>"; };
		1D91F8E21BCC1F5F0040FF1B /* MonthView.swift */ = {isa = PBXFileReference; fileEncoding = 4; lastKnownFileType = sourcecode.swift; path = MonthView.swift; sourceTree = "<group>"; };
		1D91F8E31BCC1F5F0040FF1B /* WeekView.swift */ = {isa = PBXFileReference; fileEncoding = 4; lastKnownFileType = sourcecode.swift; path = WeekView.swift; sourceTree = "<group>"; };
		1D91F8EB1BCC200C0040FF1B /* SwiftMoment.framework */ = {isa = PBXFileReference; lastKnownFileType = wrapper.framework; name = SwiftMoment.framework; path = Carthage/Build/iOS/SwiftMoment.framework; sourceTree = "<group>"; };
/* End PBXFileReference section */

/* Begin PBXFrameworksBuildPhase section */
		1D91F8BE1BCC1F4C0040FF1B /* Frameworks */ = {
			isa = PBXFrameworksBuildPhase;
			buildActionMask = 2147483647;
			files = (
				1D91F8EC1BCC200C0040FF1B /* SwiftMoment.framework in Frameworks */,
			);
			runOnlyForDeploymentPostprocessing = 0;
		};
		1D91F8C91BCC1F4C0040FF1B /* Frameworks */ = {
			isa = PBXFrameworksBuildPhase;
			buildActionMask = 2147483647;
			files = (
				1D91F8CD1BCC1F4C0040FF1B /* CalendarView.framework in Frameworks */,
			);
			runOnlyForDeploymentPostprocessing = 0;
		};
/* End PBXFrameworksBuildPhase section */

/* Begin PBXGroup section */
		1D91F8B81BCC1F4C0040FF1B = {
			isa = PBXGroup;
			children = (
				1D91F8C41BCC1F4C0040FF1B /* CalendarView */,
				1D91F8D01BCC1F4C0040FF1B /* CalendarViewTests */,
				1D91F8C31BCC1F4C0040FF1B /* Products */,
				1D91F8ED1BCC20110040FF1B /* Frameworks */,
			);
			sourceTree = "<group>";
		};
		1D91F8C31BCC1F4C0040FF1B /* Products */ = {
			isa = PBXGroup;
			children = (
				1D91F8C21BCC1F4C0040FF1B /* CalendarView.framework */,
				1D91F8CC1BCC1F4C0040FF1B /* CalendarViewTests.xctest */,
			);
			name = Products;
			sourceTree = "<group>";
		};
		1D91F8C41BCC1F4C0040FF1B /* CalendarView */ = {
			isa = PBXGroup;
			children = (
				1D91F8DC1BCC1F5F0040FF1B /* Classes */,
				1D91F8C51BCC1F4C0040FF1B /* CalendarView.h */,
				1D91F8C71BCC1F4C0040FF1B /* Info.plist */,
			);
			path = CalendarView;
			sourceTree = "<group>";
		};
		1D91F8D01BCC1F4C0040FF1B /* CalendarViewTests */ = {
			isa = PBXGroup;
			children = (
				1D91F8D11BCC1F4C0040FF1B /* CalendarViewTests.swift */,
				1D91F8D31BCC1F4C0040FF1B /* Info.plist */,
			);
			path = CalendarViewTests;
			sourceTree = "<group>";
		};
		1D91F8DC1BCC1F5F0040FF1B /* Classes */ = {
			isa = PBXGroup;
			children = (
				1D91F8DE1BCC1F5F0040FF1B /* CalendarView.swift */,
				1D91F8DF1BCC1F5F0040FF1B /* ContentView.swift */,
				1D91F8E01BCC1F5F0040FF1B /* DayView.swift */,
				1D91F8E11BCC1F5F0040FF1B /* EasyCast.swift */,
				1D91F8E21BCC1F5F0040FF1B /* MonthView.swift */,
				1D91F8E31BCC1F5F0040FF1B /* WeekView.swift */,
			);
			path = Classes;
			sourceTree = "<group>";
		};
		1D91F8ED1BCC20110040FF1B /* Frameworks */ = {
			isa = PBXGroup;
			children = (
				1D91F8EB1BCC200C0040FF1B /* SwiftMoment.framework */,
			);
			name = Frameworks;
			sourceTree = "<group>";
		};
/* End PBXGroup section */

/* Begin PBXHeadersBuildPhase section */
		1D91F8BF1BCC1F4C0040FF1B /* Headers */ = {
			isa = PBXHeadersBuildPhase;
			buildActionMask = 2147483647;
			files = (
				1D91F8C61BCC1F4C0040FF1B /* CalendarView.h in Headers */,
			);
			runOnlyForDeploymentPostprocessing = 0;
		};
/* End PBXHeadersBuildPhase section */

/* Begin PBXNativeTarget section */
		1D91F8C11BCC1F4C0040FF1B /* CalendarView */ = {
			isa = PBXNativeTarget;
			buildConfigurationList = 1D91F8D61BCC1F4C0040FF1B /* Build configuration list for PBXNativeTarget "CalendarView" */;
			buildPhases = (
				1D91F8BD1BCC1F4C0040FF1B /* Sources */,
				1D91F8BE1BCC1F4C0040FF1B /* Frameworks */,
				1D91F8BF1BCC1F4C0040FF1B /* Headers */,
				1D91F8C01BCC1F4C0040FF1B /* Resources */,
				1D91F8EE1BCC20270040FF1B /* Embed Carthage Frameworks */,
			);
			buildRules = (
			);
			dependencies = (
			);
			name = CalendarView;
			productName = CalendarView;
			productReference = 1D91F8C21BCC1F4C0040FF1B /* CalendarView.framework */;
			productType = "com.apple.product-type.framework";
		};
		1D91F8CB1BCC1F4C0040FF1B /* CalendarViewTests */ = {
			isa = PBXNativeTarget;
			buildConfigurationList = 1D91F8D91BCC1F4C0040FF1B /* Build configuration list for PBXNativeTarget "CalendarViewTests" */;
			buildPhases = (
				1D91F8C81BCC1F4C0040FF1B /* Sources */,
				1D91F8C91BCC1F4C0040FF1B /* Frameworks */,
				1D91F8CA1BCC1F4C0040FF1B /* Resources */,
			);
			buildRules = (
			);
			dependencies = (
				1D91F8CF1BCC1F4C0040FF1B /* PBXTargetDependency */,
			);
			name = CalendarViewTests;
			productName = CalendarViewTests;
			productReference = 1D91F8CC1BCC1F4C0040FF1B /* CalendarViewTests.xctest */;
			productType = "com.apple.product-type.bundle.unit-test";
		};
/* End PBXNativeTarget section */

/* Begin PBXProject section */
		1D91F8B91BCC1F4C0040FF1B /* Project object */ = {
			isa = PBXProject;
			attributes = {
				LastSwiftMigration = 0700;
				LastUpgradeCheck = 0700;
				ORGANIZATIONNAME = "Nate Armstrong";
				TargetAttributes = {
					1D91F8C11BCC1F4C0040FF1B = {
						CreatedOnToolsVersion = 7.0;
					};
					1D91F8CB1BCC1F4C0040FF1B = {
						CreatedOnToolsVersion = 7.0;
					};
				};
			};
			buildConfigurationList = 1D91F8BC1BCC1F4C0040FF1B /* Build configuration list for PBXProject "CalendarView" */;
			compatibilityVersion = "Xcode 3.2";
			developmentRegion = English;
			hasScannedForEncodings = 0;
			knownRegions = (
				en,
			);
			mainGroup = 1D91F8B81BCC1F4C0040FF1B;
			productRefGroup = 1D91F8C31BCC1F4C0040FF1B /* Products */;
			projectDirPath = "";
			projectRoot = "";
			targets = (
				1D91F8C11BCC1F4C0040FF1B /* CalendarView */,
				1D91F8CB1BCC1F4C0040FF1B /* CalendarViewTests */,
			);
		};
/* End PBXProject section */

/* Begin PBXResourcesBuildPhase section */
		1D91F8C01BCC1F4C0040FF1B /* Resources */ = {
			isa = PBXResourcesBuildPhase;
			buildActionMask = 2147483647;
			files = (
			);
			runOnlyForDeploymentPostprocessing = 0;
		};
		1D91F8CA1BCC1F4C0040FF1B /* Resources */ = {
			isa = PBXResourcesBuildPhase;
			buildActionMask = 2147483647;
			files = (
			);
			runOnlyForDeploymentPostprocessing = 0;
		};
/* End PBXResourcesBuildPhase section */

/* Begin PBXShellScriptBuildPhase section */
		1D91F8EE1BCC20270040FF1B /* Embed Carthage Frameworks */ = {
			isa = PBXShellScriptBuildPhase;
			buildActionMask = 2147483647;
			files = (
			);
			inputPaths = (
				"$(SRCROOT)/Carthage/Build/iOS/SwiftMoment.framework",
			);
			name = "Embed Carthage Frameworks";
			outputPaths = (
			);
			runOnlyForDeploymentPostprocessing = 0;
			shellPath = /bin/sh;
			shellScript = "/usr/local/bin/carthage copy-frameworks";
		};
/* End PBXShellScriptBuildPhase section */

/* Begin PBXSourcesBuildPhase section */
		1D91F8BD1BCC1F4C0040FF1B /* Sources */ = {
			isa = PBXSourcesBuildPhase;
			buildActionMask = 2147483647;
			files = (
				1D91F8EA1BCC1F5F0040FF1B /* WeekView.swift in Sources */,
				1D91F8E61BCC1F5F0040FF1B /* ContentView.swift in Sources */,
				1D91F8E91BCC1F5F0040FF1B /* MonthView.swift in Sources */,
				1D91F8E71BCC1F5F0040FF1B /* DayView.swift in Sources */,
				1D91F8E81BCC1F5F0040FF1B /* EasyCast.swift in Sources */,
				1D91F8E51BCC1F5F0040FF1B /* CalendarView.swift in Sources */,
			);
			runOnlyForDeploymentPostprocessing = 0;
		};
		1D91F8C81BCC1F4C0040FF1B /* Sources */ = {
			isa = PBXSourcesBuildPhase;
			buildActionMask = 2147483647;
			files = (
				1D91F8D21BCC1F4C0040FF1B /* CalendarViewTests.swift in Sources */,
			);
			runOnlyForDeploymentPostprocessing = 0;
		};
/* End PBXSourcesBuildPhase section */

/* Begin PBXTargetDependency section */
		1D91F8CF1BCC1F4C0040FF1B /* PBXTargetDependency */ = {
			isa = PBXTargetDependency;
			target = 1D91F8C11BCC1F4C0040FF1B /* CalendarView */;
			targetProxy = 1D91F8CE1BCC1F4C0040FF1B /* PBXContainerItemProxy */;
		};
/* End PBXTargetDependency section */

/* Begin XCBuildConfiguration section */
		1D91F8D41BCC1F4C0040FF1B /* Debug */ = {
			isa = XCBuildConfiguration;
			buildSettings = {
				ALWAYS_SEARCH_USER_PATHS = NO;
				CLANG_CXX_LANGUAGE_STANDARD = "gnu++0x";
				CLANG_CXX_LIBRARY = "libc++";
				CLANG_ENABLE_MODULES = YES;
				CLANG_ENABLE_OBJC_ARC = YES;
				CLANG_WARN_BOOL_CONVERSION = YES;
				CLANG_WARN_CONSTANT_CONVERSION = YES;
				CLANG_WARN_DIRECT_OBJC_ISA_USAGE = YES_ERROR;
				CLANG_WARN_EMPTY_BODY = YES;
				CLANG_WARN_ENUM_CONVERSION = YES;
				CLANG_WARN_INT_CONVERSION = YES;
				CLANG_WARN_OBJC_ROOT_CLASS = YES_ERROR;
				CLANG_WARN_UNREACHABLE_CODE = YES;
				CLANG_WARN__DUPLICATE_METHOD_MATCH = YES;
				"CODE_SIGN_IDENTITY[sdk=iphoneos*]" = "iPhone Developer";
				COPY_PHASE_STRIP = NO;
				CURRENT_PROJECT_VERSION = 1;
				DEBUG_INFORMATION_FORMAT = dwarf;
				ENABLE_STRICT_OBJC_MSGSEND = YES;
				ENABLE_TESTABILITY = YES;
				GCC_C_LANGUAGE_STANDARD = gnu99;
				GCC_DYNAMIC_NO_PIC = NO;
				GCC_NO_COMMON_BLOCKS = YES;
				GCC_OPTIMIZATION_LEVEL = 0;
				GCC_PREPROCESSOR_DEFINITIONS = (
					"DEBUG=1",
					"$(inherited)",
				);
				GCC_WARN_64_TO_32_BIT_CONVERSION = YES;
				GCC_WARN_ABOUT_RETURN_TYPE = YES_ERROR;
				GCC_WARN_UNDECLARED_SELECTOR = YES;
				GCC_WARN_UNINITIALIZED_AUTOS = YES_AGGRESSIVE;
				GCC_WARN_UNUSED_FUNCTION = YES;
				GCC_WARN_UNUSED_VARIABLE = YES;
				IPHONEOS_DEPLOYMENT_TARGET = 9.0;
				MTL_ENABLE_DEBUG_INFO = YES;
				ONLY_ACTIVE_ARCH = YES;
				SDKROOT = iphoneos;
				SWIFT_OPTIMIZATION_LEVEL = "-Onone";
				TARGETED_DEVICE_FAMILY = "1,2";
				VERSIONING_SYSTEM = "apple-generic";
				VERSION_INFO_PREFIX = "";
			};
			name = Debug;
		};
		1D91F8D51BCC1F4C0040FF1B /* Release */ = {
			isa = XCBuildConfiguration;
			buildSettings = {
				ALWAYS_SEARCH_USER_PATHS = NO;
				CLANG_CXX_LANGUAGE_STANDARD = "gnu++0x";
				CLANG_CXX_LIBRARY = "libc++";
				CLANG_ENABLE_MODULES = YES;
				CLANG_ENABLE_OBJC_ARC = YES;
				CLANG_WARN_BOOL_CONVERSION = YES;
				CLANG_WARN_CONSTANT_CONVERSION = YES;
				CLANG_WARN_DIRECT_OBJC_ISA_USAGE = YES_ERROR;
				CLANG_WARN_EMPTY_BODY = YES;
				CLANG_WARN_ENUM_CONVERSION = YES;
				CLANG_WARN_INT_CONVERSION = YES;
				CLANG_WARN_OBJC_ROOT_CLASS = YES_ERROR;
				CLANG_WARN_UNREACHABLE_CODE = YES;
				CLANG_WARN__DUPLICATE_METHOD_MATCH = YES;
				"CODE_SIGN_IDENTITY[sdk=iphoneos*]" = "iPhone Developer";
				COPY_PHASE_STRIP = NO;
				CURRENT_PROJECT_VERSION = 1;
				DEBUG_INFORMATION_FORMAT = "dwarf-with-dsym";
				ENABLE_NS_ASSERTIONS = NO;
				ENABLE_STRICT_OBJC_MSGSEND = YES;
				GCC_C_LANGUAGE_STANDARD = gnu99;
				GCC_NO_COMMON_BLOCKS = YES;
				GCC_WARN_64_TO_32_BIT_CONVERSION = YES;
				GCC_WARN_ABOUT_RETURN_TYPE = YES_ERROR;
				GCC_WARN_UNDECLARED_SELECTOR = YES;
				GCC_WARN_UNINITIALIZED_AUTOS = YES_AGGRESSIVE;
				GCC_WARN_UNUSED_FUNCTION = YES;
				GCC_WARN_UNUSED_VARIABLE = YES;
				IPHONEOS_DEPLOYMENT_TARGET = 9.0;
				MTL_ENABLE_DEBUG_INFO = NO;
				SDKROOT = iphoneos;
				TARGETED_DEVICE_FAMILY = "1,2";
				VALIDATE_PRODUCT = YES;
				VERSIONING_SYSTEM = "apple-generic";
				VERSION_INFO_PREFIX = "";
			};
			name = Release;
		};
		1D91F8D71BCC1F4C0040FF1B /* Debug */ = {
			isa = XCBuildConfiguration;
			buildSettings = {
				DEFINES_MODULE = YES;
				DYLIB_COMPATIBILITY_VERSION = 1;
				DYLIB_CURRENT_VERSION = 1;
				DYLIB_INSTALL_NAME_BASE = "@rpath";
				FRAMEWORK_SEARCH_PATHS = (
					"$(inherited)",
					"$(PROJECT_DIR)/Carthage/Build/iOS",
				);
				INFOPLIST_FILE = CalendarView/Info.plist;
				INSTALL_PATH = "$(LOCAL_LIBRARY_DIR)/Frameworks";
				LD_RUNPATH_SEARCH_PATHS = "$(inherited) @executable_path/Frameworks @loader_path/Frameworks";
				PRODUCT_BUNDLE_IDENTIFIER = com.armstrongnate.CalendarView;
				PRODUCT_NAME = "$(TARGET_NAME)";
				SKIP_INSTALL = YES;
			};
			name = Debug;
		};
		1D91F8D81BCC1F4C0040FF1B /* Release */ = {
			isa = XCBuildConfiguration;
			buildSettings = {
				DEFINES_MODULE = YES;
				DYLIB_COMPATIBILITY_VERSION = 1;
				DYLIB_CURRENT_VERSION = 1;
				DYLIB_INSTALL_NAME_BASE = "@rpath";
				FRAMEWORK_SEARCH_PATHS = (
					"$(inherited)",
					"$(PROJECT_DIR)/Carthage/Build/iOS",
				);
				INFOPLIST_FILE = CalendarView/Info.plist;
				INSTALL_PATH = "$(LOCAL_LIBRARY_DIR)/Frameworks";
				LD_RUNPATH_SEARCH_PATHS = "$(inherited) @executable_path/Frameworks @loader_path/Frameworks";
				PRODUCT_BUNDLE_IDENTIFIER = com.armstrongnate.CalendarView;
				PRODUCT_NAME = "$(TARGET_NAME)";
				SKIP_INSTALL = YES;
			};
			name = Release;
		};
		1D91F8DA1BCC1F4C0040FF1B /* Debug */ = {
			isa = XCBuildConfiguration;
			buildSettings = {
				INFOPLIST_FILE = CalendarViewTests/Info.plist;
				LD_RUNPATH_SEARCH_PATHS = "$(inherited) @executable_path/Frameworks @loader_path/Frameworks";
				PRODUCT_BUNDLE_IDENTIFIER = com.armstrongnate.CalendarViewTests;
				PRODUCT_NAME = "$(TARGET_NAME)";
			};
			name = Debug;
		};
		1D91F8DB1BCC1F4C0040FF1B /* Release */ = {
			isa = XCBuildConfiguration;
			buildSettings = {
				INFOPLIST_FILE = CalendarViewTests/Info.plist;
				LD_RUNPATH_SEARCH_PATHS = "$(inherited) @executable_path/Frameworks @loader_path/Frameworks";
				PRODUCT_BUNDLE_IDENTIFIER = com.armstrongnate.CalendarViewTests;
				PRODUCT_NAME = "$(TARGET_NAME)";
			};
			name = Release;
		};
/* End XCBuildConfiguration section */

/* Begin XCConfigurationList section */
		1D91F8BC1BCC1F4C0040FF1B /* Build configuration list for PBXProject "CalendarView" */ = {
			isa = XCConfigurationList;
			buildConfigurations = (
				1D91F8D41BCC1F4C0040FF1B /* Debug */,
				1D91F8D51BCC1F4C0040FF1B /* Release */,
			);
			defaultConfigurationIsVisible = 0;
			defaultConfigurationName = Release;
		};
		1D91F8D61BCC1F4C0040FF1B /* Build configuration list for PBXNativeTarget "CalendarView" */ = {
			isa = XCConfigurationList;
			buildConfigurations = (
				1D91F8D71BCC1F4C0040FF1B /* Debug */,
				1D91F8D81BCC1F4C0040FF1B /* Release */,
			);
			defaultConfigurationIsVisible = 0;
		};
		1D91F8D91BCC1F4C0040FF1B /* Build configuration list for PBXNativeTarget "CalendarViewTests" */ = {
			isa = XCConfigurationList;
			buildConfigurations = (
				1D91F8DA1BCC1F4C0040FF1B /* Debug */,
				1D91F8DB1BCC1F4C0040FF1B /* Release */,
			);
			defaultConfigurationIsVisible = 0;
		};
/* End XCConfigurationList section */
	};
	rootObject = 1D91F8B91BCC1F4C0040FF1B /* Project object */;
}
